
Microsoft Visual Studio Solution File, Format Version 12.00
# Visual Studio 15
VisualStudioVersion = 15.0.27703.2035
MinimumVisualStudioVersion = 10.0.40219.1
Project("{159641D6-6404-4A2A-AE62-294DE0FE8301}") = "CDC_DVH", "CDC_DVH\CDC_DVH.dtproj", "{C7FA98E3-ECC8-4676-B255-9EB6D6EAC14F}"
EndProject
Global
	GlobalSection(SolutionConfigurationPlatforms) = preSolution
		Development|Default = Development|Default
	EndGlobalSection
	GlobalSection(ProjectConfigurationPlatforms) = postSolution
		{C7FA98E3-ECC8-4676-B255-9EB6D6EAC14F}.Development|Default.ActiveCfg = Development
		{C7FA98E3-ECC8-4676-B255-9EB6D6EAC14F}.Development|Default.Build.0 = Development
	EndGlobalSection
	GlobalSection(SolutionProperties) = preSolution
		HideSolutionNode = FALSE
	EndGlobalSection
	GlobalSection(ExtensibilityGlobals) = postSolution
		SolutionGuid = {D118C084-FA8F-47E4-BFED-3BE77074C8DD}
	EndGlobalSection
EndGlobal
